Microsoft Visual Studio Solution File, Format Version 12.00
# Visual Studio Version 17
VisualStudioVersion = 17.5.2.0
MinimumVisualStudioVersion = 10.0.40219.1
Project("{2150E333-8FDC-42A3-9474-1A3956D46DE8}") = "src", "src", "{827E0CD3-B72D-47B6-A68D-7590B98EB39B}"
EndProject
Project("{2150E333-8FDC-42A3-9474-1A3956D46DE8}") = "processor-service", "processor-service", "{AD2C02F0-234F-0F7C-C1D1-5443F2E03DB6}"
EndProject
Project("{FAE04EC0-301F-11D3-BF4B-00C04F79EFBC}") = "ProcessorService", "src\processor-service\ProcessorService.csproj", "{783A3973-D474-8BF9-D6C7-CE1158F5696A}"
EndProject
Global
	GlobalSection(SolutionConfigurationPlatforms) = preSolution
		Debug|Any CPU = Debug|Any CPU
		Release|Any CPU = Release|Any CPU
	EndGlobalSection
	GlobalSection(ProjectConfigurationPlatforms) = postSolution
		{783A3973-D474-8BF9-D6C7-CE1158F5696A}.Debug|Any CPU.ActiveCfg = Debug|Any CPU
		{783A3973-D474-8BF9-D6C7-CE1158F5696A}.Debug|Any CPU.Build.0 = Debug|Any CPU
		{783A3973-D474-8BF9-D6C7-CE1158F5696A}.Release|Any CPU.ActiveCfg = Release|Any CPU
		{783A3973-D474-8BF9-D6C7-CE1158F5696A}.Release|Any CPU.Build.0 = Release|Any CPU
	EndGlobalSection
	GlobalSection(SolutionProperties) = preSolution
		HideSolutionNode = FALSE
	EndGlobalSection
	GlobalSection(NestedProjects) = preSolution
		{AD2C02F0-234F-0F7C-C1D1-5443F2E03DB6} = {827E0CD3-B72D-47B6-A68D-7590B98EB39B}
		{783A3973-D474-8BF9-D6C7-CE1158F5696A} = {AD2C02F0-234F-0F7C-C1D1-5443F2E03DB6}
	EndGlobalSection
	GlobalSection(ExtensibilityGlobals) = postSolution
		SolutionGuid = {0414175C-15AC-4740-BC68-F4AC0C0B5453}
	EndGlobalSection
EndGlobal
